
Microsoft Visual Studio Solution File, Format Version 12.00
# Visual Studio Version 17
VisualStudioVersion = 17.2.32516.85
MinimumVisualStudioVersion = 10.0.40219.1
Project("{2150E333-8FDC-42A3-9474-1A3956D46DE8}") = "Core", "Core", "{3C6B065B-051F-4E77-A10E-ABDE5238A65D}"
EndProject
Project("{2150E333-8FDC-42A3-9474-1A3956D46DE8}") = "Infrastructure", "Infrastructure", "{20BB4363-37E4-4039-A837-017DCB79FD32}"
EndProject
Project("{2150E333-8FDC-42A3-9474-1A3956D46DE8}") = "Host", "Host", "{1D1D8181-7DEB-4472-A30A-3AF7234EBFB6}"
EndProject
Project("{9A19103F-16F7-4668-BE54-9A1E7A4F7556}") = "AldagiTestProject.Domain", "AldagiTestProject.Domain\AldagiTestProject.Domain.csproj", "{D9F3FED0-8B28-4439-A86D-9DDB49B4D947}"
EndProject
Project("{9A19103F-16F7-4668-BE54-9A1E7A4F7556}") = "AldagiTestProject.Application", "AldagiTestProject.Application\AldagiTestProject.Application.csproj", "{640B0D7E-5D4B-43B6-A014-F753F1493772}"
EndProject
Project("{9A19103F-16F7-4668-BE54-9A1E7A4F7556}") = "AldagiTestProject.Infrastructure", "AldagiTestProject.Infrastructure\AldagiTestProject.Infrastructure.csproj", "{4E9373C9-1460-4D1D-B1E4-6AAFF599E3C0}"
EndProject
Project("{9A19103F-16F7-4668-BE54-9A1E7A4F7556}") = "AldagiTestProject.WebApi", "AldagiTestProject.WebApi\AldagiTestProject.WebApi.csproj", "{BB554712-4B7F-466A-8575-DC96E6FFE4FE}"
EndProject
Global
	GlobalSection(SolutionConfigurationPlatforms) = preSolution
		Debug|Any CPU = Debug|Any CPU
		Release|Any CPU = Release|Any CPU
	EndGlobalSection
	GlobalSection(ProjectConfigurationPlatforms) = postSolution
		{D9F3FED0-8B28-4439-A86D-9DDB49B4D947}.Debug|Any CPU.ActiveCfg = Debug|Any CPU
		{D9F3FED0-8B28-4439-A86D-9DDB49B4D947}.Debug|Any CPU.Build.0 = Debug|Any CPU
		{D9F3FED0-8B28-4439-A86D-9DDB49B4D947}.Release|Any CPU.ActiveCfg = Release|Any CPU
		{D9F3FED0-8B28-4439-A86D-9DDB49B4D947}.Release|Any CPU.Build.0 = Release|Any CPU
		{640B0D7E-5D4B-43B6-A014-F753F1493772}.Debug|Any CPU.ActiveCfg = Debug|Any CPU
		{640B0D7E-5D4B-43B6-A014-F753F1493772}.Debug|Any CPU.Build.0 = Debug|Any CPU
		{640B0D7E-5D4B-43B6-A014-F753F1493772}.Release|Any CPU.ActiveCfg = Release|Any CPU
		{640B0D7E-5D4B-43B6-A014-F753F1493772}.Release|Any CPU.Build.0 = Release|Any CPU
		{4E9373C9-1460-4D1D-B1E4-6AAFF599E3C0}.Debug|Any CPU.ActiveCfg = Debug|Any CPU
		{4E9373C9-1460-4D1D-B1E4-6AAFF599E3C0}.Debug|Any CPU.Build.0 = Debug|Any CPU
		{4E9373C9-1460-4D1D-B1E4-6AAFF599E3C0}.Release|Any CPU.ActiveCfg = Release|Any CPU
		{4E9373C9-1460-4D1D-B1E4-6AAFF599E3C0}.Release|Any CPU.Build.0 = Release|Any CPU
		{BB554712-4B7F-466A-8575-DC96E6FFE4FE}.Debug|Any CPU.ActiveCfg = Debug|Any CPU
		{BB554712-4B7F-466A-8575-DC96E6FFE4FE}.Debug|Any CPU.Build.0 = Debug|Any CPU
		{BB554712-4B7F-466A-8575-DC96E6FFE4FE}.Release|Any CPU.ActiveCfg = Release|Any CPU
		{BB554712-4B7F-466A-8575-DC96E6FFE4FE}.Release|Any CPU.Build.0 = Release|Any CPU
	EndGlobalSection
	GlobalSection(SolutionProperties) = preSolution
		HideSolutionNode = FALSE
	EndGlobalSection
	GlobalSection(NestedProjects) = preSolution
		{D9F3FED0-8B28-4439-A86D-9DDB49B4D947} = {3C6B065B-051F-4E77-A10E-ABDE5238A65D}
		{640B0D7E-5D4B-43B6-A014-F753F1493772} = {3C6B065B-051F-4E77-A10E-ABDE5238A65D}
		{4E9373C9-1460-4D1D-B1E4-6AAFF599E3C0} = {20BB4363-37E4-4039-A837-017DCB79FD32}
		{BB554712-4B7F-466A-8575-DC96E6FFE4FE} = {1D1D8181-7DEB-4472-A30A-3AF7234EBFB6}
	EndGlobalSection
	GlobalSection(ExtensibilityGlobals) = postSolution
		SolutionGuid = {91A0876C-CFFB-4986-AEEF-E6199381A6F1}
	EndGlobalSection
EndGlobal
